
Microsoft Visual Studio Solution File, Format Version 12.00
# Visual Studio Version 16
VisualStudioVersion = 16.0.31112.23
MinimumVisualStudioVersion = 10.0.40219.1
Project("{FAE04EC0-301F-11D3-BF4B-00C04F79EFBC}") = "Lessonv2", "Lessonv2\Lessonv2.csproj", "{3747B960-C5E3-4D6D-BB4C-0CE27216066A}"
EndProject
Global
	GlobalSection(SolutionConfigurationPlatforms) = preSolution
		Debug|Any CPU = Debug|Any CPU
		Release|Any CPU = Release|Any CPU
	EndGlobalSection
	GlobalSection(ProjectConfigurationPlatforms) = postSolution
		{3747B960-C5E3-4D6D-BB4C-0CE27216066A}.Debug|Any CPU.ActiveCfg = Debug|Any CPU
		{3747B960-C5E3-4D6D-BB4C-0CE27216066A}.Debug|Any CPU.Build.0 = Debug|Any CPU
		{3747B960-C5E3-4D6D-BB4C-0CE27216066A}.Release|Any CPU.ActiveCfg = Release|Any CPU
		{3747B960-C5E3-4D6D-BB4C-0CE27216066A}.Release|Any CPU.Build.0 = Release|Any CPU
	EndGlobalSection
	GlobalSection(SolutionProperties) = preSolution
		HideSolutionNode = FALSE
	EndGlobalSection
	GlobalSection(ExtensibilityGlobals) = postSolution
		SolutionGuid = {716559DF-BBAD-44F3-86CF-AD0FC85ABE2D}
	EndGlobalSection
EndGlobal
